
Microsoft Visual Studio Solution File, Format Version 12.00
# Visual Studio Version 16
VisualStudioVersion = 16.0.30011.22
MinimumVisualStudioVersion = 10.0.40219.1
Project("{FAE04EC0-301F-11D3-BF4B-00C04F79EFBC}") = "WpfApp1", "WpfApp1\WpfApp1.csproj", "{D89DECDE-2BAF-417E-A058-B792596DB5C8}"
EndProject
Global
	GlobalSection(SolutionConfigurationPlatforms) = preSolution
		Debug|Any CPU = Debug|Any CPU
		Release|Any CPU = Release|Any CPU
	EndGlobalSection
	GlobalSection(ProjectConfigurationPlatforms) = postSolution
		{D89DECDE-2BAF-417E-A058-B792596DB5C8}.Debug|Any CPU.ActiveCfg = Debug|Any CPU
		{D89DECDE-2BAF-417E-A058-B792596DB5C8}.Debug|Any CPU.Build.0 = Debug|Any CPU
		{D89DECDE-2BAF-417E-A058-B792596DB5C8}.Release|Any CPU.ActiveCfg = Release|Any CPU
		{D89DECDE-2BAF-417E-A058-B792596DB5C8}.Release|Any CPU.Build.0 = Release|Any CPU
	EndGlobalSection
	GlobalSection(SolutionProperties) = preSolution
		HideSolutionNode = FALSE
	EndGlobalSection
	GlobalSection(ExtensibilityGlobals) = postSolution
		SolutionGuid = {CB75192C-DEC4-4E95-AB1D-9F5A8994439F}
	EndGlobalSection
EndGlobal
